
Microsoft Visual Studio Solution File, Format Version 12.00
# Visual Studio Version 16
VisualStudioVersion = 16.0.31729.503
MinimumVisualStudioVersion = 10.0.40219.1
Project("{FAE04EC0-301F-11D3-BF4B-00C04F79EFBC}") = "InteractiveTownBuilder", "InteractiveTownBuilder\InteractiveTownBuilder.csproj", "{309EA839-76BF-4EF7-9B96-011E3D81FF70}"
EndProject
Global
	GlobalSection(SolutionConfigurationPlatforms) = preSolution
		Debug|Any CPU = Debug|Any CPU
		Release|Any CPU = Release|Any CPU
	EndGlobalSection
	GlobalSection(ProjectConfigurationPlatforms) = postSolution
		{309EA839-76BF-4EF7-9B96-011E3D81FF70}.Debug|Any CPU.ActiveCfg = Debug|Any CPU
		{309EA839-76BF-4EF7-9B96-011E3D81FF70}.Debug|Any CPU.Build.0 = Debug|Any CPU
		{309EA839-76BF-4EF7-9B96-011E3D81FF70}.Release|Any CPU.ActiveCfg = Release|Any CPU
		{309EA839-76BF-4EF7-9B96-011E3D81FF70}.Release|Any CPU.Build.0 = Release|Any CPU
	EndGlobalSection
	GlobalSection(SolutionProperties) = preSolution
		HideSolutionNode = FALSE
	EndGlobalSection
	GlobalSection(ExtensibilityGlobals) = postSolution
		SolutionGuid = {5863AAA1-9E90-4FFE-9F80-0F853BB294BF}
	EndGlobalSection
EndGlobal
